<?xml version="1.0" encoding="utf-8"?>
<Project ToolsVersion="4.0" xmlns="http://schemas.microsoft.com/developer/msbuild/2003">
  <ItemGroup>
    <ClCompile Include="BiddingFacility.cpp" />
    <ClCompile Include="Cards.cpp" />
    <ClCompile Include="Country.cpp" />
<<<<<<< HEAD
    <ClCompile Include="GameStatisticsObserver.cpp" />
    <ClCompile Include="GameStatisticsSubject.cpp" />
    <ClCompile Include="GameObservers.cpp" />
    <ClCompile Include="Map.cpp" />
    <ClCompile Include="MapLoader.cpp" />
    <ClCompile Include="MapViewer.cpp" />
    <ClCompile Include="Player.cpp" />
    <ClCompile Include="PlayerDriver.cpp" />
    <ClCompile Include="PlayerStrategies.cpp" />
    <ClCompile Include="PlayerView.cpp" />
=======
    <ClCompile Include="GameObservers.cpp" />
    <ClCompile Include="Map.cpp" />
    <ClCompile Include="MapLoader.cpp" />
    <ClCompile Include="Player.cpp" />
    <ClCompile Include="PlayerDriver.cpp" />
    <ClCompile Include="PlayerStrategies.cpp" />
    <ClCompile Include="GameView.cpp" />
>>>>>>> 45964ab64728a2de45ee8f5932a29ab36b43f4ad
  </ItemGroup>
  <ItemGroup>
    <ClInclude Include="BiddingFacility.h" />
    <ClInclude Include="Cards.h" />
    <ClInclude Include="Country.h" />
<<<<<<< HEAD
    <ClInclude Include="GameStatisticsObserver.h" />
    <ClInclude Include="GameStatisticsSubject.h" />
    <ClInclude Include="GameObservers.h" />
    <ClInclude Include="Map.h" />
    <ClInclude Include="MapLoader.h" />
    <ClInclude Include="MapViewer.h" />
    <ClInclude Include="Player.h" />
    <ClInclude Include="PlayerStrategies.h" />
    <ClInclude Include="PlayerView.h" />
=======
    <ClInclude Include="GameObservers.h" />
    <ClInclude Include="Map.h" />
    <ClInclude Include="MapLoader.h" />
    <ClInclude Include="Player.h" />
    <ClInclude Include="PlayerStrategies.h" />
    <ClInclude Include="GameView.h" />
>>>>>>> 45964ab64728a2de45ee8f5932a29ab36b43f4ad
  </ItemGroup>
</Project>