<?xml version="1.0" encoding="utf-8"?>
<Project ToolsVersion="4.0" xmlns="http://schemas.microsoft.com/developer/msbuild/2003">
  <ItemGroup>
    <ClCompile Include="BiddingFacility.cpp" />
    <ClCompile Include="Cards.cpp" />
    <ClCompile Include="Country.cpp" />
    <ClCompile Include="GameObservers.cpp" />
    <ClCompile Include="Map.cpp" />
    <ClCompile Include="MapLoader.cpp" />
    <ClCompile Include="Player.cpp" />
    <ClCompile Include="PlayerDriver.cpp" />
    <ClCompile Include="PlayerStrategies.cpp" />
    <ClCompile Include="GameView.cpp" />
<<<<<<< HEAD
    <ClCompile Include="GameEngine.cpp" />
    <ClCompile Include="GameCard.cpp" />
=======

    <ClCompile Include="GameEngine.cpp" />
    <ClCompile Include="GameCard.cpp" />

>>>>>>> d6d66d916960793a05f6e75a496a4524e9f6cbfa
  </ItemGroup>
  <ItemGroup>
    <ClInclude Include="BiddingFacility.h" />
    <ClInclude Include="Cards.h" />
    <ClInclude Include="Country.h" />
    <ClInclude Include="GameObservers.h" />
    <ClInclude Include="Map.h" />
    <ClInclude Include="MapLoader.h" />
    <ClInclude Include="Player.h" />
    <ClInclude Include="PlayerStrategies.h" />
    <ClInclude Include="GameView.h" />
<<<<<<< HEAD
<<<<<<< HEAD
    <ClInclude Include="GameEngine.h" />
=======
    <ClInclude Include="CardsFactory.h" />
>>>>>>> rob-player
=======
    <ClInclude Include="GameEngine.h" />
    <ClInclude Include="CardsFactory.h" />
>>>>>>> d6d66d916960793a05f6e75a496a4524e9f6cbfa
  </ItemGroup>
</Project>