<?xml version="1.0" encoding="utf-8"?>
<Project ToolsVersion="4.0" xmlns="http://schemas.microsoft.com/developer/msbuild/2003">
  <ItemGroup>
    <ClCompile Include="BiddingFacility.cpp" />
    <ClCompile Include="Country.cpp" />
    <ClCompile Include="GameObservers.cpp" />
    <ClCompile Include="Map.cpp" />
    <ClCompile Include="MapLoader.cpp" />
    <ClCompile Include="Player.cpp" />
    <ClCompile Include="PlayerDriver.cpp" />
    <ClCompile Include="PlayerStrategies.cpp" />
    <ClCompile Include="GameView.cpp" />
    <ClCompile Include="GameCards.cpp" />
  </ItemGroup>
  <ItemGroup>
    <ClInclude Include="BiddingFacility.h" />
    <ClInclude Include="Country.h" />
    <ClInclude Include="GameObservers.h" />
    <ClInclude Include="Map.h" />
    <ClInclude Include="MapLoader.h" />
    <ClInclude Include="Player.h" />
    <ClInclude Include="PlayerStrategies.h" />
    <ClInclude Include="GameView.h" />
    <ClInclude Include="CardsFactory.h" />
  </ItemGroup>
</Project>